
Microsoft Visual Studio Solution File, Format Version 12.00
# Visual Studio Version 16
VisualStudioVersion = 16.0.30907.101
MinimumVisualStudioVersion = 10.0.40219.1
Project("{9A19103F-16F7-4668-BE54-9A1E7A4F7556}") = "WebApp.MVC", "WebApp.MVC\WebApp.MVC.csproj", "{1195F04F-3CEA-40E1-880F-0C771B706894}"
EndProject
Project("{9A19103F-16F7-4668-BE54-9A1E7A4F7556}") = "WebApi1", "WebApi1\WebApi1.csproj", "{596A0BF6-1C6D-4191-B7C7-AF9DE0881AAA}"
EndProject
Project("{9A19103F-16F7-4668-BE54-9A1E7A4F7556}") = "IdentityServer", "IdentityServer\IdentityServer.csproj", "{B4EB5E81-C595-4E29-AC4D-56D0B3B00325}"
EndProject
Project("{2150E333-8FDC-42A3-9474-1A3956D46DE8}") = "API", "API", "{BAECD4B7-F50C-4B18-AA8E-CED3697B0DD7}"
EndProject
Project("{9A19103F-16F7-4668-BE54-9A1E7A4F7556}") = "Aow.Infrastructure", "Aow.Infrastructure\Aow.Infrastructure.csproj", "{AF18B8A8-23A2-423E-BC17-E610FDADE0E3}"
EndProject
Project("{9A19103F-16F7-4668-BE54-9A1E7A4F7556}") = "Aow.Domain", "Aow.Domain\Aow.Domain.csproj", "{E2722AE5-39B7-4B30-8C19-25102CD19D86}"
EndProject
Project("{9A19103F-16F7-4668-BE54-9A1E7A4F7556}") = "Aow.Services", "Aow.Services\Aow.Services.csproj", "{CA22AEB3-BFDD-4462-8F2C-9EC94BA3FC6B}"
EndProject
Project("{9A19103F-16F7-4668-BE54-9A1E7A4F7556}") = "WebApp.ThirdParty", "WebApp.ThirdParty\WebApp.ThirdParty.csproj", "{9ED80A20-63F3-4479-8AAE-224F228138C6}"
EndProject
Project("{9A19103F-16F7-4668-BE54-9A1E7A4F7556}") = "IdentityServer.Api", "IdentityServer.Api\IdentityServer.Api.csproj", "{8AC2B519-EC57-485E-9268-99E05755BB06}"
EndProject
Project("{2150E333-8FDC-42A3-9474-1A3956D46DE8}") = "identity server", "identity server", "{DB65F97C-DC4A-4533-941A-04DCE1CDB820}"
EndProject
Project("{9A19103F-16F7-4668-BE54-9A1E7A4F7556}") = "IdentityServer.Context", "IdentityServer.Context\IdentityServer.Context.csproj", "{FCAD202D-81DC-4367-92C0-014748E69D5E}"
EndProject
Project("{9A19103F-16F7-4668-BE54-9A1E7A4F7556}") = "WebApp.RazorPages", "WebApp.RazorPages\WebApp.RazorPages.csproj", "{0A5720A4-7A82-48A8-8DEA-109661C6952E}"
EndProject
Global
	GlobalSection(SolutionConfigurationPlatforms) = preSolution
		Debug|Any CPU = Debug|Any CPU
		Release|Any CPU = Release|Any CPU
	EndGlobalSection
	GlobalSection(ProjectConfigurationPlatforms) = postSolution
		{1195F04F-3CEA-40E1-880F-0C771B706894}.Debug|Any CPU.ActiveCfg = Debug|Any CPU
		{1195F04F-3CEA-40E1-880F-0C771B706894}.Debug|Any CPU.Build.0 = Debug|Any CPU
		{1195F04F-3CEA-40E1-880F-0C771B706894}.Release|Any CPU.ActiveCfg = Release|Any CPU
		{1195F04F-3CEA-40E1-880F-0C771B706894}.Release|Any CPU.Build.0 = Release|Any CPU
		{596A0BF6-1C6D-4191-B7C7-AF9DE0881AAA}.Debug|Any CPU.ActiveCfg = Debug|Any CPU
		{596A0BF6-1C6D-4191-B7C7-AF9DE0881AAA}.Debug|Any CPU.Build.0 = Debug|Any CPU
		{596A0BF6-1C6D-4191-B7C7-AF9DE0881AAA}.Release|Any CPU.ActiveCfg = Release|Any CPU
		{596A0BF6-1C6D-4191-B7C7-AF9DE0881AAA}.Release|Any CPU.Build.0 = Release|Any CPU
		{B4EB5E81-C595-4E29-AC4D-56D0B3B00325}.Debug|Any CPU.ActiveCfg = Debug|Any CPU
		{B4EB5E81-C595-4E29-AC4D-56D0B3B00325}.Debug|Any CPU.Build.0 = Debug|Any CPU
		{B4EB5E81-C595-4E29-AC4D-56D0B3B00325}.Release|Any CPU.ActiveCfg = Release|Any CPU
		{B4EB5E81-C595-4E29-AC4D-56D0B3B00325}.Release|Any CPU.Build.0 = Release|Any CPU
		{AF18B8A8-23A2-423E-BC17-E610FDADE0E3}.Debug|Any CPU.ActiveCfg = Debug|Any CPU
		{AF18B8A8-23A2-423E-BC17-E610FDADE0E3}.Debug|Any CPU.Build.0 = Debug|Any CPU
		{AF18B8A8-23A2-423E-BC17-E610FDADE0E3}.Release|Any CPU.ActiveCfg = Release|Any CPU
		{AF18B8A8-23A2-423E-BC17-E610FDADE0E3}.Release|Any CPU.Build.0 = Release|Any CPU
		{E2722AE5-39B7-4B30-8C19-25102CD19D86}.Debug|Any CPU.ActiveCfg = Debug|Any CPU
		{E2722AE5-39B7-4B30-8C19-25102CD19D86}.Debug|Any CPU.Build.0 = Debug|Any CPU
		{E2722AE5-39B7-4B30-8C19-25102CD19D86}.Release|Any CPU.ActiveCfg = Release|Any CPU
		{E2722AE5-39B7-4B30-8C19-25102CD19D86}.Release|Any CPU.Build.0 = Release|Any CPU
		{CA22AEB3-BFDD-4462-8F2C-9EC94BA3FC6B}.Debug|Any CPU.ActiveCfg = Debug|Any CPU
		{CA22AEB3-BFDD-4462-8F2C-9EC94BA3FC6B}.Debug|Any CPU.Build.0 = Debug|Any CPU
		{CA22AEB3-BFDD-4462-8F2C-9EC94BA3FC6B}.Release|Any CPU.ActiveCfg = Release|Any CPU
		{CA22AEB3-BFDD-4462-8F2C-9EC94BA3FC6B}.Release|Any CPU.Build.0 = Release|Any CPU
		{9ED80A20-63F3-4479-8AAE-224F228138C6}.Debug|Any CPU.ActiveCfg = Debug|Any CPU
		{9ED80A20-63F3-4479-8AAE-224F228138C6}.Debug|Any CPU.Build.0 = Debug|Any CPU
		{9ED80A20-63F3-4479-8AAE-224F228138C6}.Release|Any CPU.ActiveCfg = Release|Any CPU
		{9ED80A20-63F3-4479-8AAE-224F228138C6}.Release|Any CPU.Build.0 = Release|Any CPU
		{8AC2B519-EC57-485E-9268-99E05755BB06}.Debug|Any CPU.ActiveCfg = Debug|Any CPU
		{8AC2B519-EC57-485E-9268-99E05755BB06}.Debug|Any CPU.Build.0 = Debug|Any CPU
		{8AC2B519-EC57-485E-9268-99E05755BB06}.Release|Any CPU.ActiveCfg = Release|Any CPU
		{8AC2B519-EC57-485E-9268-99E05755BB06}.Release|Any CPU.Build.0 = Release|Any CPU
		{FCAD202D-81DC-4367-92C0-014748E69D5E}.Debug|Any CPU.ActiveCfg = Debug|Any CPU
		{FCAD202D-81DC-4367-92C0-014748E69D5E}.Debug|Any CPU.Build.0 = Debug|Any CPU
		{FCAD202D-81DC-4367-92C0-014748E69D5E}.Release|Any CPU.ActiveCfg = Release|Any CPU
		{FCAD202D-81DC-4367-92C0-014748E69D5E}.Release|Any CPU.Build.0 = Release|Any CPU
		{0A5720A4-7A82-48A8-8DEA-109661C6952E}.Debug|Any CPU.ActiveCfg = Debug|Any CPU
		{0A5720A4-7A82-48A8-8DEA-109661C6952E}.Debug|Any CPU.Build.0 = Debug|Any CPU
		{0A5720A4-7A82-48A8-8DEA-109661C6952E}.Release|Any CPU.ActiveCfg = Release|Any CPU
		{0A5720A4-7A82-48A8-8DEA-109661C6952E}.Release|Any CPU.Build.0 = Release|Any CPU
	EndGlobalSection
	GlobalSection(SolutionProperties) = preSolution
		HideSolutionNode = FALSE
	EndGlobalSection
	GlobalSection(NestedProjects) = preSolution
		{596A0BF6-1C6D-4191-B7C7-AF9DE0881AAA} = {BAECD4B7-F50C-4B18-AA8E-CED3697B0DD7}
		{B4EB5E81-C595-4E29-AC4D-56D0B3B00325} = {DB65F97C-DC4A-4533-941A-04DCE1CDB820}
		{AF18B8A8-23A2-423E-BC17-E610FDADE0E3} = {BAECD4B7-F50C-4B18-AA8E-CED3697B0DD7}
		{E2722AE5-39B7-4B30-8C19-25102CD19D86} = {BAECD4B7-F50C-4B18-AA8E-CED3697B0DD7}
		{CA22AEB3-BFDD-4462-8F2C-9EC94BA3FC6B} = {BAECD4B7-F50C-4B18-AA8E-CED3697B0DD7}
		{9ED80A20-63F3-4479-8AAE-224F228138C6} = {BAECD4B7-F50C-4B18-AA8E-CED3697B0DD7}
		{8AC2B519-EC57-485E-9268-99E05755BB06} = {DB65F97C-DC4A-4533-941A-04DCE1CDB820}
		{FCAD202D-81DC-4367-92C0-014748E69D5E} = {DB65F97C-DC4A-4533-941A-04DCE1CDB820}
	EndGlobalSection
	GlobalSection(ExtensibilityGlobals) = postSolution
		SolutionGuid = {30E0E81F-5C3E-450A-B1D4-D573EBB495AC}
	EndGlobalSection
EndGlobal
